// !$*UTF8*$!
{
	archiveVersion = 1;
	classes = {
	};
	objectVersion = 48;
	objects = {

/* Begin PBXBuildFile section */
		884802521FE01A0200F558B7 /* AppDelegate.swift in Sources */ = {isa = PBXBuildFile; fileRef = 884802511FE01A0200F558B7 /* AppDelegate.swift */; };
		884802541FE01A0200F558B7 /* GoalpostVC.swift in Sources */ = {isa = PBXBuildFile; fileRef = 884802531FE01A0200F558B7 /* GoalpostVC.swift */; };
		884802571FE01A0200F558B7 /* Main.storyboard in Resources */ = {isa = PBXBuildFile; fileRef = 884802551FE01A0200F558B7 /* Main.storyboard */; };
		8848025A1FE01A0200F558B7 /* goalpost_app.xcdatamodeld in Sources */ = {isa = PBXBuildFile; fileRef = 884802581FE01A0200F558B7 /* goalpost_app.xcdatamodeld */; };
		8848025C1FE01A0200F558B7 /* Assets.xcassets in Resources */ = {isa = PBXBuildFile; fileRef = 8848025B1FE01A0200F558B7 /* Assets.xcassets */; };
		8848025F1FE01A0200F558B7 /* LaunchScreen.storyboard in Resources */ = {isa = PBXBuildFile; fileRef = 8848025D1FE01A0200F558B7 /* LaunchScreen.storyboard */; };
		8848026A1FE0215800F558B7 /* GoalCell.swift in Sources */ = {isa = PBXBuildFile; fileRef = 884802691FE0215800F558B7 /* GoalCell.swift */; };
		885C13891FE1381F00BC0E32 /* UIViewExt.swift in Sources */ = {isa = PBXBuildFile; fileRef = 885C13881FE1381F00BC0E32 /* UIViewExt.swift */; };
		885C138B1FE13F6600BC0E32 /* UIButtonExt.swift in Sources */ = {isa = PBXBuildFile; fileRef = 885C138A1FE13F6500BC0E32 /* UIButtonExt.swift */; };
		88D5E2DD1FE0353400BBCFA2 /* GoalType.swift in Sources */ = {isa = PBXBuildFile; fileRef = 88D5E2DC1FE0353400BBCFA2 /* GoalType.swift */; };
		88D5E2DF1FE0381F00BBCFA2 /* CreateGoalVC.swift in Sources */ = {isa = PBXBuildFile; fileRef = 88D5E2DE1FE0381F00BBCFA2 /* CreateGoalVC.swift */; };
		88D5E2E21FE03D0F00BBCFA2 /* UIViewControllerExt.swift in Sources */ = {isa = PBXBuildFile; fileRef = 88D5E2E11FE03D0F00BBCFA2 /* UIViewControllerExt.swift */; };
/* End PBXBuildFile section */

/* Begin PBXFileReference section */
		8848024E1FE01A0200F558B7 /* goalpost-app.app */ = {isa = PBXFileReference; explicitFileType = wrapper.application; includeInIndex = 0; path = "goalpost-app.app"; sourceTree = BUILT_PRODUCTS_DIR; };
		884802511FE01A0200F558B7 /* AppDelegate.swift */ = {isa = PBXFileReference; lastKnownFileType = sourcecode.swift; path = AppDelegate.swift; sourceTree = "<group>"; };
		884802531FE01A0200F558B7 /* GoalpostVC.swift */ = {isa = PBXFileReference; lastKnownFileType = sourcecode.swift; path = GoalpostVC.swift; sourceTree = "<group>"; };
		884802561FE01A0200F558B7 /* Base */ = {isa = PBXFileReference; lastKnownFileType = file.storyboard; name = Base; path = Base.lproj/Main.storyboard; sourceTree = "<group>"; };
		884802591FE01A0200F558B7 /* goalpost_app.xcdatamodel */ = {isa = PBXFileReference; lastKnownFileType = wrapper.xcdatamodel; path = goalpost_app.xcdatamodel; sourceTree = "<group>"; };
		8848025B1FE01A0200F558B7 /* Assets.xcassets */ = {isa = PBXFileReference; lastKnownFileType = folder.assetcatalog; path = Assets.xcassets; sourceTree = "<group>"; };
		8848025E1FE01A0200F558B7 /* Base */ = {isa = PBXFileReference; lastKnownFileType = file.storyboard; name = Base; path = Base.lproj/LaunchScreen.storyboard; sourceTree = "<group>"; };
		884802601FE01A0200F558B7 /* Info.plist */ = {isa = PBXFileReference; lastKnownFileType = text.plist.xml; path = Info.plist; sourceTree = "<group>"; };
		884802691FE0215800F558B7 /* GoalCell.swift */ = {isa = PBXFileReference; lastKnownFileType = sourcecode.swift; path = GoalCell.swift; sourceTree = "<group>"; };
		885C13881FE1381F00BC0E32 /* UIViewExt.swift */ = {isa = PBXFileReference; lastKnownFileType = sourcecode.swift; path = UIViewExt.swift; sourceTree = "<group>"; };
		885C138A1FE13F6500BC0E32 /* UIButtonExt.swift */ = {isa = PBXFileReference; lastKnownFileType = sourcecode.swift; path = UIButtonExt.swift; sourceTree = "<group>"; };
		88D5E2DC1FE0353400BBCFA2 /* GoalType.swift */ = {isa = PBXFileReference; lastKnownFileType = sourcecode.swift; path = GoalType.swift; sourceTree = "<group>"; };
		88D5E2DE1FE0381F00BBCFA2 /* CreateGoalVC.swift */ = {isa = PBXFileReference; lastKnownFileType = sourcecode.swift; path = CreateGoalVC.swift; sourceTree = "<group>"; };
		88D5E2E11FE03D0F00BBCFA2 /* UIViewControllerExt.swift */ = {isa = PBXFileReference; lastKnownFileType = sourcecode.swift; path = UIViewControllerExt.swift; sourceTree = "<group>"; };
/* End PBXFileReference section */

/* Begin PBXFrameworksBuildPhase section */
		8848024B1FE01A0200F558B7 /* Frameworks */ = {
			isa = PBXFrameworksBuildPhase;
			buildActionMask = 2147483647;
			files = (
			);
			runOnlyForDeploymentPostprocessing = 0;
		};
/* End PBXFrameworksBuildPhase section */

/* Begin PBXGroup section */
		884802451FE01A0200F558B7 = {
			isa = PBXGroup;
			children = (
				884802501FE01A0200F558B7 /* goalpost-app */,
				8848024F1FE01A0200F558B7 /* Products */,
			);
			sourceTree = "<group>";
		};
		8848024F1FE01A0200F558B7 /* Products */ = {
			isa = PBXGroup;
			children = (
				8848024E1FE01A0200F558B7 /* goalpost-app.app */,
			);
			name = Products;
			sourceTree = "<group>";
		};
		884802501FE01A0200F558B7 /* goalpost-app */ = {
			isa = PBXGroup;
			children = (
				88D5E2E01FE03CE500BBCFA2 /* Extensions */,
				884802681FE01AD000F558B7 /* Enum */,
				884802671FE01ACB00F558B7 /* View */,
				884802661FE01AC500F558B7 /* Controller */,
				884802511FE01A0200F558B7 /* AppDelegate.swift */,
				884802551FE01A0200F558B7 /* Main.storyboard */,
				8848025B1FE01A0200F558B7 /* Assets.xcassets */,
				8848025D1FE01A0200F558B7 /* LaunchScreen.storyboard */,
				884802601FE01A0200F558B7 /* Info.plist */,
				884802581FE01A0200F558B7 /* goalpost_app.xcdatamodeld */,
			);
			path = "goalpost-app";
			sourceTree = "<group>";
		};
		884802661FE01AC500F558B7 /* Controller */ = {
			isa = PBXGroup;
			children = (
				884802531FE01A0200F558B7 /* GoalpostVC.swift */,
				88D5E2DE1FE0381F00BBCFA2 /* CreateGoalVC.swift */,
			);
			path = Controller;
			sourceTree = "<group>";
		};
		884802671FE01ACB00F558B7 /* View */ = {
			isa = PBXGroup;
			children = (
				884802691FE0215800F558B7 /* GoalCell.swift */,
			);
			path = View;
			sourceTree = "<group>";
		};
		884802681FE01AD000F558B7 /* Enum */ = {
			isa = PBXGroup;
			children = (
				88D5E2DC1FE0353400BBCFA2 /* GoalType.swift */,
			);
			path = Enum;
			sourceTree = "<group>";
		};
		88D5E2E01FE03CE500BBCFA2 /* Extensions */ = {
			isa = PBXGroup;
			children = (
				88D5E2E11FE03D0F00BBCFA2 /* UIViewControllerExt.swift */,
				885C13881FE1381F00BC0E32 /* UIViewExt.swift */,
				885C138A1FE13F6500BC0E32 /* UIButtonExt.swift */,
			);
			path = Extensions;
			sourceTree = "<group>";
		};
/* End PBXGroup section */

/* Begin PBXNativeTarget section */
		8848024D1FE01A0200F558B7 /* goalpost-app */ = {
			isa = PBXNativeTarget;
			buildConfigurationList = 884802631FE01A0200F558B7 /* Build configuration list for PBXNativeTarget "goalpost-app" */;
			buildPhases = (
				8848024A1FE01A0200F558B7 /* Sources */,
				8848024B1FE01A0200F558B7 /* Frameworks */,
				8848024C1FE01A0200F558B7 /* Resources */,
			);
			buildRules = (
			);
			dependencies = (
			);
			name = "goalpost-app";
			productName = "goalpost-app";
			productReference = 8848024E1FE01A0200F558B7 /* goalpost-app.app */;
			productType = "com.apple.product-type.application";
		};
/* End PBXNativeTarget section */

/* Begin PBXProject section */
		884802461FE01A0200F558B7 /* Project object */ = {
			isa = PBXProject;
			attributes = {
				LastSwiftUpdateCheck = 0910;
				LastUpgradeCheck = 0910;
				ORGANIZATIONNAME = "Brian Crowley";
				TargetAttributes = {
					8848024D1FE01A0200F558B7 = {
						CreatedOnToolsVersion = 9.1;
						ProvisioningStyle = Automatic;
					};
				};
			};
			buildConfigurationList = 884802491FE01A0200F558B7 /* Build configuration list for PBXProject "goalpost-app" */;
			compatibilityVersion = "Xcode 8.0";
			developmentRegion = en;
			hasScannedForEncodings = 0;
			knownRegions = (
				en,
				Base,
			);
			mainGroup = 884802451FE01A0200F558B7;
			productRefGroup = 8848024F1FE01A0200F558B7 /* Products */;
			projectDirPath = "";
			projectRoot = "";
			targets = (
				8848024D1FE01A0200F558B7 /* goalpost-app */,
			);
		};
/* End PBXProject section */

/* Begin PBXResourcesBuildPhase section */
		8848024C1FE01A0200F558B7 /* Resources */ = {
			isa = PBXResourcesBuildPhase;
			buildActionMask = 2147483647;
			files = (
				8848025F1FE01A0200F558B7 /* LaunchScreen.storyboard in Resources */,
				8848025C1FE01A0200F558B7 /* Assets.xcassets in Resources */,
				884802571FE01A0200F558B7 /* Main.storyboard in Resources */,
			);
			runOnlyForDeploymentPostprocessing = 0;
		};
/* End PBXResourcesBuildPhase section */

/* Begin PBXSourcesBuildPhase section */
		8848024A1FE01A0200F558B7 /* Sources */ = {
			isa = PBXSourcesBuildPhase;
			buildActionMask = 2147483647;
			files = (
				8848026A1FE0215800F558B7 /* GoalCell.swift in Sources */,
				88D5E2DF1FE0381F00BBCFA2 /* CreateGoalVC.swift in Sources */,
				88D5E2DD1FE0353400BBCFA2 /* GoalType.swift in Sources */,
				884802541FE01A0200F558B7 /* GoalpostVC.swift in Sources */,
				885C13891FE1381F00BC0E32 /* UIViewExt.swift in Sources */,
				884802521FE01A0200F558B7 /* AppDelegate.swift in Sources */,
				88D5E2E21FE03D0F00BBCFA2 /* UIViewControllerExt.swift in Sources */,
				885C138B1FE13F6600BC0E32 /* UIButtonExt.swift in Sources */,
				8848025A1FE01A0200F558B7 /* goalpost_app.xcdatamodeld in Sources */,
			);
			runOnlyForDeploymentPostprocessing = 0;
		};
/* End PBXSourcesBuildPhase section */

/* Begin PBXVariantGroup section */
		884802551FE01A0200F558B7 /* Main.storyboard */ = {
			isa = PBXVariantGroup;
			children = (
				884802561FE01A0200F558B7 /* Base */,
			);
			name = Main.storyboard;
			sourceTree = "<group>";
		};
		8848025D1FE01A0200F558B7 /* LaunchScreen.storyboard */ = {
			isa = PBXVariantGroup;
			children = (
				8848025E1FE01A0200F558B7 /* Base */,
			);
			name = LaunchScreen.storyboard;
			sourceTree = "<group>";
		};
/* End PBXVariantGroup section */

/* Begin XCBuildConfiguration section */
		884802611FE01A0200F558B7 /* Debug */ = {
			isa = XCBuildConfiguration;
			buildSettings = {
				ALWAYS_SEARCH_USER_PATHS = NO;
				CLANG_ANALYZER_NONNULL = YES;
				CLANG_ANALYZER_NUMBER_OBJECT_CONVERSION = YES_AGGRESSIVE;
				CLANG_CXX_LANGUAGE_STANDARD = "gnu++14";
				CLANG_CXX_LIBRARY = "libc++";
				CLANG_ENABLE_MODULES = YES;
				CLANG_ENABLE_OBJC_ARC = YES;
				CLANG_WARN_BLOCK_CAPTURE_AUTORELEASING = YES;
				CLANG_WARN_BOOL_CONVERSION = YES;
				CLANG_WARN_COMMA = YES;
				CLANG_WARN_CONSTANT_CONVERSION = YES;
				CLANG_WARN_DIRECT_OBJC_ISA_USAGE = YES_ERROR;
				CLANG_WARN_DOCUMENTATION_COMMENTS = YES;
				CLANG_WARN_EMPTY_BODY = YES;
				CLANG_WARN_ENUM_CONVERSION = YES;
				CLANG_WARN_INFINITE_RECURSION = YES;
				CLANG_WARN_INT_CONVERSION = YES;
				CLANG_WARN_NON_LITERAL_NULL_CONVERSION = YES;
				CLANG_WARN_OBJC_LITERAL_CONVERSION = YES;
				CLANG_WARN_OBJC_ROOT_CLASS = YES_ERROR;
				CLANG_WARN_RANGE_LOOP_ANALYSIS = YES;
				CLANG_WARN_STRICT_PROTOTYPES = YES;
				CLANG_WARN_SUSPICIOUS_MOVE = YES;
				CLANG_WARN_UNGUARDED_AVAILABILITY = YES_AGGRESSIVE;
				CLANG_WARN_UNREACHABLE_CODE = YES;
				CLANG_WARN__DUPLICATE_METHOD_MATCH = YES;
				CODE_SIGN_IDENTITY = "iPhone Developer";
				COPY_PHASE_STRIP = NO;
				DEBUG_INFORMATION_FORMAT = dwarf;
				ENABLE_STRICT_OBJC_MSGSEND = YES;
				ENABLE_TESTABILITY = YES;
				GCC_C_LANGUAGE_STANDARD = gnu11;
				GCC_DYNAMIC_NO_PIC = NO;
				GCC_NO_COMMON_BLOCKS = YES;
				GCC_OPTIMIZATION_LEVEL = 0;
				GCC_PREPROCESSOR_DEFINITIONS = (
					"DEBUG=1",
					"$(inherited)",
				);
				GCC_WARN_64_TO_32_BIT_CONVERSION = YES;
				GCC_WARN_ABOUT_RETURN_TYPE = YES_ERROR;
				GCC_WARN_UNDECLARED_SELECTOR = YES;
				GCC_WARN_UNINITIALIZED_AUTOS = YES_AGGRESSIVE;
				GCC_WARN_UNUSED_FUNCTION = YES;
				GCC_WARN_UNUSED_VARIABLE = YES;
				IPHONEOS_DEPLOYMENT_TARGET = 11.1;
				MTL_ENABLE_DEBUG_INFO = YES;
				ONLY_ACTIVE_ARCH = YES;
				SDKROOT = iphoneos;
				SWIFT_ACTIVE_COMPILATION_CONDITIONS = DEBUG;
				SWIFT_OPTIMIZATION_LEVEL = "-Onone";
			};
			name = Debug;
		};
		884802621FE01A0200F558B7 /* Release */ = {
			isa = XCBuildConfiguration;
			buildSettings = {
				ALWAYS_SEARCH_USER_PATHS = NO;
				CLANG_ANALYZER_NONNULL = YES;
				CLANG_ANALYZER_NUMBER_OBJECT_CONVERSION = YES_AGGRESSIVE;
				CLANG_CXX_LANGUAGE_STANDARD = "gnu++14";
				CLANG_CXX_LIBRARY = "libc++";
				CLANG_ENABLE_MODULES = YES;
				CLANG_ENABLE_OBJC_ARC = YES;
				CLANG_WARN_BLOCK_CAPTURE_AUTORELEASING = YES;
				CLANG_WARN_BOOL_CONVERSION = YES;
				CLANG_WARN_COMMA = YES;
				CLANG_WARN_CONSTANT_CONVERSION = YES;
				CLANG_WARN_DIRECT_OBJC_ISA_USAGE = YES_ERROR;
				CLANG_WARN_DOCUMENTATION_COMMENTS = YES;
				CLANG_WARN_EMPTY_BODY = YES;
				CLANG_WARN_ENUM_CONVERSION = YES;
				CLANG_WARN_INFINITE_RECURSION = YES;
				CLANG_WARN_INT_CONVERSION = YES;
				CLANG_WARN_NON_LITERAL_NULL_CONVERSION = YES;
				CLANG_WARN_OBJC_LITERAL_CONVERSION = YES;
				CLANG_WARN_OBJC_ROOT_CLASS = YES_ERROR;
				CLANG_WARN_RANGE_LOOP_ANALYSIS = YES;
				CLANG_WARN_STRICT_PROTOTYPES = YES;
				CLANG_WARN_SUSPICIOUS_MOVE = YES;
				CLANG_WARN_UNGUARDED_AVAILABILITY = YES_AGGRESSIVE;
				CLANG_WARN_UNREACHABLE_CODE = YES;
				CLANG_WARN__DUPLICATE_METHOD_MATCH = YES;
				CODE_SIGN_IDENTITY = "iPhone Developer";
				COPY_PHASE_STRIP = NO;
				DEBUG_INFORMATION_FORMAT = "dwarf-with-dsym";
				ENABLE_NS_ASSERTIONS = NO;
				ENABLE_STRICT_OBJC_MSGSEND = YES;
				GCC_C_LANGUAGE_STANDARD = gnu11;
				GCC_NO_COMMON_BLOCKS = YES;
				GCC_WARN_64_TO_32_BIT_CONVERSION = YES;
				GCC_WARN_ABOUT_RETURN_TYPE = YES_ERROR;
				GCC_WARN_UNDECLARED_SELECTOR = YES;
				GCC_WARN_UNINITIALIZED_AUTOS = YES_AGGRESSIVE;
				GCC_WARN_UNUSED_FUNCTION = YES;
				GCC_WARN_UNUSED_VARIABLE = YES;
				IPHONEOS_DEPLOYMENT_TARGET = 11.1;
				MTL_ENABLE_DEBUG_INFO = NO;
				SDKROOT = iphoneos;
				SWIFT_OPTIMIZATION_LEVEL = "-Owholemodule";
				VALIDATE_PRODUCT = YES;
			};
			name = Release;
		};
		884802641FE01A0200F558B7 /* Debug */ = {
			isa = XCBuildConfiguration;
			buildSettings = {
				ASSETCATALOG_COMPILER_APPICON_NAME = AppIcon;
				CODE_SIGN_STYLE = Automatic;
				DEVELOPMENT_TEAM = 3GFGPMP69Q;
				INFOPLIST_FILE = "goalpost-app/Info.plist";
				LD_RUNPATH_SEARCH_PATHS = "$(inherited) @executable_path/Frameworks";
				PRODUCT_BUNDLE_IDENTIFIER = "self.edu.goalpost-app";
				PRODUCT_NAME = "$(TARGET_NAME)";
				SWIFT_VERSION = 4.0;
				TARGETED_DEVICE_FAMILY = "1,2";
			};
			name = Debug;
		};
		884802651FE01A0200F558B7 /* Release */ = {
			isa = XCBuildConfiguration;
			buildSettings = {
				ASSETCATALOG_COMPILER_APPICON_NAME = AppIcon;
				CODE_SIGN_STYLE = Automatic;
				DEVELOPMENT_TEAM = 3GFGPMP69Q;
				INFOPLIST_FILE = "goalpost-app/Info.plist";
				LD_RUNPATH_SEARCH_PATHS = "$(inherited) @executable_path/Frameworks";
				PRODUCT_BUNDLE_IDENTIFIER = "self.edu.goalpost-app";
				PRODUCT_NAME = "$(TARGET_NAME)";
				SWIFT_VERSION = 4.0;
				TARGETED_DEVICE_FAMILY = "1,2";
			};
			name = Release;
		};
/* End XCBuildConfiguration section */

/* Begin XCConfigurationList section */
		884802491FE01A0200F558B7 /* Build configuration list for PBXProject "goalpost-app" */ = {
			isa = XCConfigurationList;
			buildConfigurations = (
				884802611FE01A0200F558B7 /* Debug */,
				884802621FE01A0200F558B7 /* Release */,
			);
			defaultConfigurationIsVisible = 0;
			defaultConfigurationName = Release;
		};
		884802631FE01A0200F558B7 /* Build configuration list for PBXNativeTarget "goalpost-app" */ = {
			isa = XCConfigurationList;
			buildConfigurations = (
				884802641FE01A0200F558B7 /* Debug */,
				884802651FE01A0200F558B7 /* Release */,
			);
			defaultConfigurationIsVisible = 0;
			defaultConfigurationName = Release;
		};
/* End XCConfigurationList section */

/* Begin XCVersionGroup section */
		884802581FE01A0200F558B7 /* goalpost_app.xcdatamodeld */ = {
			isa = XCVersionGroup;
			children = (
				884802591FE01A0200F558B7 /* goalpost_app.xcdatamodel */,
			);
			currentVersion = 884802591FE01A0200F558B7 /* goalpost_app.xcdatamodel */;
			path = goalpost_app.xcdatamodeld;
			sourceTree = "<group>";
			versionGroupType = wrapper.xcdatamodel;
		};
/* End XCVersionGroup section */
	};
	rootObject = 884802461FE01A0200F558B7 /* Project object */;
}
